Microsoft Visual Studio Solution File, Format Version 12.00
# Visual Studio Version 17
VisualStudioVersion = 17.5.2.0
MinimumVisualStudioVersion = 10.0.40219.1
Project("{2150E333-8FDC-42A3-9474-1A3956D46DE8}") = "BackendTest_MidLevel", "BackendTest_MidLevel", "{B1E6829E-8714-C503-5868-91C51545CF84}"
EndProject
Project("{FAE04EC0-301F-11D3-BF4B-00C04F79EFBC}") = "MyOfficeApi", "BackendTest_MidLevel\MyOfficeApi\MyOfficeApi.csproj", "{0D7EFF5F-B007-1792-A04E-49EABFB2889A}"
EndProject
Global
	GlobalSection(SolutionConfigurationPlatforms) = preSolution
		Debug|Any CPU = Debug|Any CPU
		Release|Any CPU = Release|Any CPU
	EndGlobalSection
	GlobalSection(ProjectConfigurationPlatforms) = postSolution
		{0D7EFF5F-B007-1792-A04E-49EABFB2889A}.Debug|Any CPU.ActiveCfg = Debug|Any CPU
		{0D7EFF5F-B007-1792-A04E-49EABFB2889A}.Debug|Any CPU.Build.0 = Debug|Any CPU
		{0D7EFF5F-B007-1792-A04E-49EABFB2889A}.Release|Any CPU.ActiveCfg = Release|Any CPU
		{0D7EFF5F-B007-1792-A04E-49EABFB2889A}.Release|Any CPU.Build.0 = Release|Any CPU
	EndGlobalSection
	GlobalSection(SolutionProperties) = preSolution
		HideSolutionNode = FALSE
	EndGlobalSection
	GlobalSection(NestedProjects) = preSolution
		{0D7EFF5F-B007-1792-A04E-49EABFB2889A} = {B1E6829E-8714-C503-5868-91C51545CF84}
	EndGlobalSection
	GlobalSection(ExtensibilityGlobals) = postSolution
		SolutionGuid = {7E918E21-37AC-480A-85FB-74ECE669C28F}
	EndGlobalSection
EndGlobal
